
Microsoft Visual Studio Solution File, Format Version 12.00
# Visual Studio Version 17
VisualStudioVersion = 17.5.2.0
MinimumVisualStudioVersion = 10.0.40219.1
Project("{2150E333-8FDC-42A3-9474-1A3956D46DE8}") = "_Códigos-das-aulas", "_Códigos-das-aulas", "{E77B5293-45DF-3B8C-C81A-4E12C7516E71}"
EndProject
Project("{FAE04EC0-301F-11D3-BF4B-00C04F79EFBC}") = "criando-o-primeiro-projeto", "_Códigos-das-aulas\criando-o-primeiro-projeto\criando-o-primeiro-projeto.csproj", "{87B52E5F-701B-1394-A6F8-7817E9D581C3}"
EndProject
Global
	GlobalSection(SolutionConfigurationPlatforms) = preSolution
		Debug|Any CPU = Debug|Any CPU
		Release|Any CPU = Release|Any CPU
	EndGlobalSection
	GlobalSection(ProjectConfigurationPlatforms) = postSolution
		{87B52E5F-701B-1394-A6F8-7817E9D581C3}.Debug|Any CPU.ActiveCfg = Debug|Any CPU
		{87B52E5F-701B-1394-A6F8-7817E9D581C3}.Debug|Any CPU.Build.0 = Debug|Any CPU
		{87B52E5F-701B-1394-A6F8-7817E9D581C3}.Release|Any CPU.ActiveCfg = Release|Any CPU
		{87B52E5F-701B-1394-A6F8-7817E9D581C3}.Release|Any CPU.Build.0 = Release|Any CPU
	EndGlobalSection
	GlobalSection(SolutionProperties) = preSolution
		HideSolutionNode = FALSE
	EndGlobalSection
	GlobalSection(NestedProjects) = preSolution
		{87B52E5F-701B-1394-A6F8-7817E9D581C3} = {E77B5293-45DF-3B8C-C81A-4E12C7516E71}
	EndGlobalSection
	GlobalSection(ExtensibilityGlobals) = postSolution
		SolutionGuid = {97A749C8-CB91-4EC9-9E51-B10CD6DBD0FF}
	EndGlobalSection
EndGlobal
